// !$*UTF8*$!
{
	archiveVersion = 1;
	classes = {
	};
	objectVersion = 77;
	objects = {

/* Begin PBXBuildFile section */
		0BBB5A7CE45D3AED584B16DD /* ContentView.swift in Sources */ = {isa = PBXBuildFile; fileRef = 9505ADC60294E0FF1249CE55 /* ContentView.swift */; };
		0BCDC26F0EDFC09BE5B4A2CE /* GameScene.swift in Sources */ = {isa = PBXBuildFile; fileRef = 49E63A562D2EF3689C78B583 /* GameScene.swift */; };
		0FBC31E53DB8F42F3D15CBAA /* NeonDashApp.swift in Sources */ = {isa = PBXBuildFile; fileRef = 6743595B07E4F75340524785 /* NeonDashApp.swift */; };
		2367D661716A7500D1ED5A48 /* Theme.swift in Sources */ = {isa = PBXBuildFile; fileRef = 216771D1AEC4194261C5874E /* Theme.swift */; };
		2F824962A767639201B597DA /* GameState.swift in Sources */ = {isa = PBXBuildFile; fileRef = B4FDBE8305B860896DF1036E /* GameState.swift */; };
		4AFCC1491E6ED1A847A6BACF /* Preview Assets.xcassets in Resources */ = {isa = PBXBuildFile; fileRef = 359FAFFDABF333750FB15CBA /* Preview Assets.xcassets */; };
		4ED7B454C2531934FEC03D9C /* Assets.xcassets in Resources */ = {isa = PBXBuildFile; fileRef = B6346F8B3FE279667B411951 /* Assets.xcassets */; };
		5EF54B4581BA36C2F4B5575A /* GameView.swift in Sources */ = {isa = PBXBuildFile; fileRef = A15097ADDD76818D5A625A32 /* GameView.swift */; };
		B93BEC03595F9C0B63588640 /* HUDOverlay.swift in Sources */ = {isa = PBXBuildFile; fileRef = B865BF9267F6BC3051B3B513 /* HUDOverlay.swift */; };
		E4102B9529EAA943D341135E /* GameOverView.swift in Sources */ = {isa = PBXBuildFile; fileRef = 35FEA9FD984FFADDDCE3BC41 /* GameOverView.swift */; };
/* End PBXBuildFile section */

/* Begin PBXFileReference section */
		216771D1AEC4194261C5874E /* Theme.swift */ = {isa = PBXFileReference; lastKnownFileType = sourcecode.swift; path = Theme.swift; sourceTree = "<group>"; };
		359FAFFDABF333750FB15CBA /* Preview Assets.xcassets */ = {isa = PBXFileReference; lastKnownFileType = folder.assetcatalog; path = "Preview Assets.xcassets"; sourceTree = "<group>"; };
		35FEA9FD984FFADDDCE3BC41 /* GameOverView.swift */ = {isa = PBXFileReference; lastKnownFileType = sourcecode.swift; path = GameOverView.swift; sourceTree = "<group>"; };
		49E63A562D2EF3689C78B583 /* GameScene.swift */ = {isa = PBXFileReference; lastKnownFileType = sourcecode.swift; path = GameScene.swift; sourceTree = "<group>"; };
		6743595B07E4F75340524785 /* NeonDashApp.swift */ = {isa = PBXFileReference; lastKnownFileType = sourcecode.swift; path = NeonDashApp.swift; sourceTree = "<group>"; };
		9505ADC60294E0FF1249CE55 /* ContentView.swift */ = {isa = PBXFileReference; lastKnownFileType = sourcecode.swift; path = ContentView.swift; sourceTree = "<group>"; };
		A15097ADDD76818D5A625A32 /* GameView.swift */ = {isa = PBXFileReference; lastKnownFileType = sourcecode.swift; path = GameView.swift; sourceTree = "<group>"; };
		B4FDBE8305B860896DF1036E /* GameState.swift */ = {isa = PBXFileReference; lastKnownFileType = sourcecode.swift; path = GameState.swift; sourceTree = "<group>"; };
		B6346F8B3FE279667B411951 /* Assets.xcassets */ = {isa = PBXFileReference; lastKnownFileType = folder.assetcatalog; path = Assets.xcassets; sourceTree = "<group>"; };
		B865BF9267F6BC3051B3B513 /* HUDOverlay.swift */ = {isa = PBXFileReference; lastKnownFileType = sourcecode.swift; path = HUDOverlay.swift; sourceTree = "<group>"; };
		DCDEE861D92233A92B0F254D /* NeonDash.app */ = {isa = PBXFileReference; includeInIndex = 0; lastKnownFileType = wrapper.application; path = NeonDash.app; sourceTree = BUILT_PRODUCTS_DIR; };
/* End PBXFileReference section */

/* Begin PBXGroup section */
		759166AD996CD0D97AFAB3C0 /* Preview Content */ = {
			isa = PBXGroup;
			children = (
				359FAFFDABF333750FB15CBA /* Preview Assets.xcassets */,
			);
			path = "Preview Content";
			sourceTree = "<group>";
		};
		84B057AD5A97A8C3C6E758DF = {
			isa = PBXGroup;
			children = (
				AD32DFF2E14FCD99B10453D3 /* NeonDash */,
				FF4B1CBFA7A70BB094F45494 /* Products */,
			);
			sourceTree = "<group>";
		};
		AD32DFF2E14FCD99B10453D3 /* NeonDash */ = {
			isa = PBXGroup;
			children = (
				E559239EF58B1AE1EAF2D828 /* Game */,
				759166AD996CD0D97AFAB3C0 /* Preview Content */,
				B6346F8B3FE279667B411951 /* Assets.xcassets */,
				9505ADC60294E0FF1249CE55 /* ContentView.swift */,
				6743595B07E4F75340524785 /* NeonDashApp.swift */,
			);
			path = NeonDash;
			sourceTree = "<group>";
		};
		E559239EF58B1AE1EAF2D828 /* Game */ = {
			isa = PBXGroup;
			children = (
				35FEA9FD984FFADDDCE3BC41 /* GameOverView.swift */,
				49E63A562D2EF3689C78B583 /* GameScene.swift */,
				B4FDBE8305B860896DF1036E /* GameState.swift */,
				A15097ADDD76818D5A625A32 /* GameView.swift */,
				B865BF9267F6BC3051B3B513 /* HUDOverlay.swift */,
				216771D1AEC4194261C5874E /* Theme.swift */,
			);
			path = Game;
			sourceTree = "<group>";
		};
		FF4B1CBFA7A70BB094F45494 /* Products */ = {
			isa = PBXGroup;
			children = (
				DCDEE861D92233A92B0F254D /* NeonDash.app */,
			);
			name = Products;
			sourceTree = "<group>";
		};
/* End PBXGroup section */

/* Begin PBXNativeTarget section */
		5C1EABF837841E14A61A3159 /* NeonDash */ = {
			isa = PBXNativeTarget;
			buildConfigurationList = 330C086134BBB74F405AC35A /* Build configuration list for PBXNativeTarget "NeonDash" */;
			buildPhases = (
				34176464E0A9F6326C45176A /* Sources */,
				4418219CFC5BEC02775ED37E /* Resources */,
			);
			buildRules = (
			);
			dependencies = (
			);
			name = NeonDash;
			packageProductDependencies = (
			);
			productName = NeonDash;
			productReference = DCDEE861D92233A92B0F254D /* NeonDash.app */;
			productType = "com.apple.product-type.application";
		};
/* End PBXNativeTarget section */

/* Begin PBXProject section */
		B0658E3202709B8C205FE3AF /* Project object */ = {
			isa = PBXProject;
			attributes = {
				BuildIndependentTargetsInParallel = YES;
				LastUpgradeCheck = 1430;
				TargetAttributes = {
				};
			};
			buildConfigurationList = B53A1BDC4A706BFF7A3ADC33 /* Build configuration list for PBXProject "NeonDash" */;
			developmentRegion = en;
			hasScannedForEncodings = 0;
			knownRegions = (
				Base,
				en,
			);
			mainGroup = 84B057AD5A97A8C3C6E758DF;
			minimizedProjectReferenceProxies = 1;
			preferredProjectObjectVersion = 77;
			productRefGroup = FF4B1CBFA7A70BB094F45494 /* Products */;
			projectDirPath = "";
			projectRoot = "";
			targets = (
				5C1EABF837841E14A61A3159 /* NeonDash */,
			);
		};
/* End PBXProject section */

/* Begin PBXResourcesBuildPhase section */
		4418219CFC5BEC02775ED37E /* Resources */ = {
			isa = PBXResourcesBuildPhase;
			buildActionMask = 2147483647;
			files = (
				4ED7B454C2531934FEC03D9C /* Assets.xcassets in Resources */,
				4AFCC1491E6ED1A847A6BACF /* Preview Assets.xcassets in Resources */,
			);
			runOnlyForDeploymentPostprocessing = 0;
		};
/* End PBXResourcesBuildPhase section */

/* Begin PBXSourcesBuildPhase section */
		34176464E0A9F6326C45176A /* Sources */ = {
			isa = PBXSourcesBuildPhase;
			buildActionMask = 2147483647;
			files = (
				0BBB5A7CE45D3AED584B16DD /* ContentView.swift in Sources */,
				E4102B9529EAA943D341135E /* GameOverView.swift in Sources */,
				0BCDC26F0EDFC09BE5B4A2CE /* GameScene.swift in Sources */,
				2F824962A767639201B597DA /* GameState.swift in Sources */,
				5EF54B4581BA36C2F4B5575A /* GameView.swift in Sources */,
				B93BEC03595F9C0B63588640 /* HUDOverlay.swift in Sources */,
				0FBC31E53DB8F42F3D15CBAA /* NeonDashApp.swift in Sources */,
				2367D661716A7500D1ED5A48 /* Theme.swift in Sources */,
			);
			runOnlyForDeploymentPostprocessing = 0;
		};
/* End PBXSourcesBuildPhase section */

/* Begin XCBuildConfiguration section */
		1E42AFDC33FA8B69802F1357 /* Debug */ = {
			isa = XCBuildConfiguration;
			buildSettings = {
				ALWAYS_SEARCH_USER_PATHS = NO;
				CLANG_ANALYZER_NONNULL = YES;
				CLANG_ANALYZER_NUMBER_OBJECT_CONVERSION = YES_AGGRESSIVE;
				CLANG_CXX_LANGUAGE_STANDARD = "gnu++14";
				CLANG_CXX_LIBRARY = "libc++";
				CLANG_ENABLE_MODULES = YES;
				CLANG_ENABLE_OBJC_ARC = YES;
				CLANG_ENABLE_OBJC_WEAK = YES;
				CLANG_WARN_BLOCK_CAPTURE_AUTORELEASING = YES;
				CLANG_WARN_BOOL_CONVERSION = YES;
				CLANG_WARN_COMMA = YES;
				CLANG_WARN_CONSTANT_CONVERSION = YES;
				CLANG_WARN_DEPRECATED_OBJC_IMPLEMENTATIONS = YES;
				CLANG_WARN_DIRECT_OBJC_ISA_USAGE = YES_ERROR;
				CLANG_WARN_DOCUMENTATION_COMMENTS = YES;
				CLANG_WARN_EMPTY_BODY = YES;
				CLANG_WARN_ENUM_CONVERSION = YES;
				CLANG_WARN_INFINITE_RECURSION = YES;
				CLANG_WARN_INT_CONVERSION = YES;
				CLANG_WARN_NON_LITERAL_NULL_CONVERSION = YES;
				CLANG_WARN_OBJC_IMPLICIT_RETAIN_SELF = YES;
				CLANG_WARN_OBJC_LITERAL_CONVERSION = YES;
				CLANG_WARN_OBJC_ROOT_CLASS = YES_ERROR;
				CLANG_WARN_QUOTED_INCLUDE_IN_FRAMEWORK_HEADER = YES;
				CLANG_WARN_RANGE_LOOP_ANALYSIS = YES;
				CLANG_WARN_STRICT_PROTOTYPES = YES;
				CLANG_WARN_SUSPICIOUS_MOVE = YES;
				CLANG_WARN_UNGUARDED_AVAILABILITY = YES_AGGRESSIVE;
				CLANG_WARN_UNREACHABLE_CODE = YES;
				CLANG_WARN__DUPLICATE_METHOD_MATCH = YES;
				COPY_PHASE_STRIP = NO;
				CURRENT_PROJECT_VERSION = 1;
				DEBUG_INFORMATION_FORMAT = dwarf;
				ENABLE_STRICT_OBJC_MSGSEND = YES;
				ENABLE_TESTABILITY = YES;
				GCC_C_LANGUAGE_STANDARD = gnu11;
				GCC_DYNAMIC_NO_PIC = NO;
				GCC_NO_COMMON_BLOCKS = YES;
				GCC_OPTIMIZATION_LEVEL = 0;
				GCC_PREPROCESSOR_DEFINITIONS = (
					"$(inherited)",
					"DEBUG=1",
				);
				GCC_WARN_64_TO_32_BIT_CONVERSION = YES;
				GCC_WARN_ABOUT_RETURN_TYPE = YES_ERROR;
				GCC_WARN_UNDECLARED_SELECTOR = YES;
				GCC_WARN_UNINITIALIZED_AUTOS = YES_AGGRESSIVE;
				GCC_WARN_UNUSED_FUNCTION = YES;
				GCC_WARN_UNUSED_VARIABLE = YES;
				IPHONEOS_DEPLOYMENT_TARGET = 17.0;
				MARKETING_VERSION = 0.1.0;
				MTL_ENABLE_DEBUG_INFO = INCLUDE_SOURCE;
				MTL_FAST_MATH = YES;
				ONLY_ACTIVE_ARCH = YES;
				PRODUCT_NAME = "$(TARGET_NAME)";
				SDKROOT = iphoneos;
				SWIFT_ACTIVE_COMPILATION_CONDITIONS = DEBUG;
				SWIFT_OPTIMIZATION_LEVEL = "-Onone";
				SWIFT_VERSION = 5.9;
			};
			name = Debug;
		};
		49F9593832FE3CAFD4CCC864 /* Release */ = {
			isa = XCBuildConfiguration;
			buildSettings = {
				ALWAYS_SEARCH_USER_PATHS = NO;
				CLANG_ANALYZER_NONNULL = YES;
				CLANG_ANALYZER_NUMBER_OBJECT_CONVERSION = YES_AGGRESSIVE;
				CLANG_CXX_LANGUAGE_STANDARD = "gnu++14";
				CLANG_CXX_LIBRARY = "libc++";
				CLANG_ENABLE_MODULES = YES;
				CLANG_ENABLE_OBJC_ARC = YES;
				CLANG_ENABLE_OBJC_WEAK = YES;
				CLANG_WARN_BLOCK_CAPTURE_AUTORELEASING = YES;
				CLANG_WARN_BOOL_CONVERSION = YES;
				CLANG_WARN_COMMA = YES;
				CLANG_WARN_CONSTANT_CONVERSION = YES;
				CLANG_WARN_DEPRECATED_OBJC_IMPLEMENTATIONS = YES;
				CLANG_WARN_DIRECT_OBJC_ISA_USAGE = YES_ERROR;
				CLANG_WARN_DOCUMENTATION_COMMENTS = YES;
				CLANG_WARN_EMPTY_BODY = YES;
				CLANG_WARN_ENUM_CONVERSION = YES;
				CLANG_WARN_INFINITE_RECURSION = YES;
				CLANG_WARN_INT_CONVERSION = YES;
				CLANG_WARN_NON_LITERAL_NULL_CONVERSION = YES;
				CLANG_WARN_OBJC_IMPLICIT_RETAIN_SELF = YES;
				CLANG_WARN_OBJC_LITERAL_CONVERSION = YES;
				CLANG_WARN_OBJC_ROOT_CLASS = YES_ERROR;
				CLANG_WARN_QUOTED_INCLUDE_IN_FRAMEWORK_HEADER = YES;
				CLANG_WARN_RANGE_LOOP_ANALYSIS = YES;
				CLANG_WARN_STRICT_PROTOTYPES = YES;
				CLANG_WARN_SUSPICIOUS_MOVE = YES;
				CLANG_WARN_UNGUARDED_AVAILABILITY = YES_AGGRESSIVE;
				CLANG_WARN_UNREACHABLE_CODE = YES;
				CLANG_WARN__DUPLICATE_METHOD_MATCH = YES;
				COPY_PHASE_STRIP = NO;
				CURRENT_PROJECT_VERSION = 1;
				DEBUG_INFORMATION_FORMAT = "dwarf-with-dsym";
				ENABLE_NS_ASSERTIONS = NO;
				ENABLE_STRICT_OBJC_MSGSEND = YES;
				GCC_C_LANGUAGE_STANDARD = gnu11;
				GCC_NO_COMMON_BLOCKS = YES;
				GCC_WARN_64_TO_32_BIT_CONVERSION = YES;
				GCC_WARN_ABOUT_RETURN_TYPE = YES_ERROR;
				GCC_WARN_UNDECLARED_SELECTOR = YES;
				GCC_WARN_UNINITIALIZED_AUTOS = YES_AGGRESSIVE;
				GCC_WARN_UNUSED_FUNCTION = YES;
				GCC_WARN_UNUSED_VARIABLE = YES;
				IPHONEOS_DEPLOYMENT_TARGET = 17.0;
				MARKETING_VERSION = 0.1.0;
				MTL_ENABLE_DEBUG_INFO = NO;
				MTL_FAST_MATH = YES;
				PRODUCT_NAME = "$(TARGET_NAME)";
				SDKROOT = iphoneos;
				SWIFT_COMPILATION_MODE = wholemodule;
				SWIFT_OPTIMIZATION_LEVEL = "-O";
				SWIFT_VERSION = 5.9;
			};
			name = Release;
		};
		4E5423546A4F6111333D5084 /* Debug */ = {
			isa = XCBuildConfiguration;
			buildSettings = {
				ASSETCATALOG_COMPILER_APPICON_NAME = AppIcon;
				ASSETCATALOG_COMPILER_GLOBAL_ACCENT_COLOR_NAME = AccentColor;
				CODE_SIGN_IDENTITY = "iPhone Developer";
				DEVELOPMENT_ASSET_PATHS = "\"NeonDash/Preview Content\"";
				ENABLE_PREVIEWS = YES;
				GENERATE_INFOPLIST_FILE = YES;
				INFOPLIST_KEY_UIApplicationSupportsIndirectInputEvents = YES;
				INFOPLIST_KEY_UILaunchScreen_Generation = YES;
				INFOPLIST_KEY_UIStatusBarHidden = YES;
				INFOPLIST_KEY_UISupportedInterfaceOrientations = UIInterfaceOrientationPortrait;
				IPHONEOS_DEPLOYMENT_TARGET = 17.0;
				LD_RUNPATH_SEARCH_PATHS = (
					"$(inherited)",
					"@executable_path/Frameworks",
				);
				PRODUCT_BUNDLE_IDENTIFIER = com.samynikaia.NeonDash;
				PRODUCT_NAME = NeonDash;
				SDKROOT = iphoneos;
				SWIFT_VERSION = 5.9;
				TARGETED_DEVICE_FAMILY = 1;
			};
			name = Debug;
		};
		F0305C04277CFDB034DC5966 /* Release */ = {
			isa = XCBuildConfiguration;
			buildSettings = {
				ASSETCATALOG_COMPILER_APPICON_NAME = AppIcon;
				ASSETCATALOG_COMPILER_GLOBAL_ACCENT_COLOR_NAME = AccentColor;
				CODE_SIGN_IDENTITY = "iPhone Developer";
				DEVELOPMENT_ASSET_PATHS = "\"NeonDash/Preview Content\"";
				ENABLE_PREVIEWS = YES;
				GENERATE_INFOPLIST_FILE = YES;
				INFOPLIST_KEY_UIApplicationSupportsIndirectInputEvents = YES;
				INFOPLIST_KEY_UILaunchScreen_Generation = YES;
				INFOPLIST_KEY_UIStatusBarHidden = YES;
				INFOPLIST_KEY_UISupportedInterfaceOrientations = UIInterfaceOrientationPortrait;
				IPHONEOS_DEPLOYMENT_TARGET = 17.0;
				LD_RUNPATH_SEARCH_PATHS = (
					"$(inherited)",
					"@executable_path/Frameworks",
				);
				PRODUCT_BUNDLE_IDENTIFIER = com.samynikaia.NeonDash;
				PRODUCT_NAME = NeonDash;
				SDKROOT = iphoneos;
				SWIFT_VERSION = 5.9;
				TARGETED_DEVICE_FAMILY = 1;
			};
			name = Release;
		};
/* End XCBuildConfiguration section */

/* Begin XCConfigurationList section */
		330C086134BBB74F405AC35A /* Build configuration list for PBXNativeTarget "NeonDash" */ = {
			isa = XCConfigurationList;
			buildConfigurations = (
				4E5423546A4F6111333D5084 /* Debug */,
				F0305C04277CFDB034DC5966 /* Release */,
			);
			defaultConfigurationIsVisible = 0;
			defaultConfigurationName = Debug;
		};
		B53A1BDC4A706BFF7A3ADC33 /* Build configuration list for PBXProject "NeonDash" */ = {
			isa = XCConfigurationList;
			buildConfigurations = (
				1E42AFDC33FA8B69802F1357 /* Debug */,
				49F9593832FE3CAFD4CCC864 /* Release */,
			);
			defaultConfigurationIsVisible = 0;
			defaultConfigurationName = Debug;
		};
/* End XCConfigurationList section */
	};
	rootObject = B0658E3202709B8C205FE3AF /* Project object */;
}
